
Microsoft Visual Studio Solution File, Format Version 12.00
# Visual Studio Version 17
VisualStudioVersion = 17.5.33530.505
MinimumVisualStudioVersion = 10.0.40219.1
Project("{FAE04EC0-301F-11D3-BF4B-00C04F79EFBC}") = "Blog", "Blog\Blog.csproj", "{070827C9-AA56-4881-A33A-43B38964F749}"
EndProject
Global
	GlobalSection(SolutionConfigurationPlatforms) = preSolution
		Debug|Any CPU = Debug|Any CPU
		Release|Any CPU = Release|Any CPU
	EndGlobalSection
	GlobalSection(ProjectConfigurationPlatforms) = postSolution
		{070827C9-AA56-4881-A33A-43B38964F749}.Debug|Any CPU.ActiveCfg = Debug|Any CPU
		{070827C9-AA56-4881-A33A-43B38964F749}.Debug|Any CPU.Build.0 = Debug|Any CPU
		{070827C9-AA56-4881-A33A-43B38964F749}.Release|Any CPU.ActiveCfg = Release|Any CPU
		{070827C9-AA56-4881-A33A-43B38964F749}.Release|Any CPU.Build.0 = Release|Any CPU
	EndGlobalSection
	GlobalSection(SolutionProperties) = preSolution
		HideSolutionNode = FALSE
	EndGlobalSection
	GlobalSection(ExtensibilityGlobals) = postSolution
		SolutionGuid = {E89BB6A6-7A12-48B3-965C-7D21F3DC5AC4}
	EndGlobalSection
EndGlobal
